
Microsoft Visual Studio Solution File, Format Version 12.00
# Visual Studio Version 17
VisualStudioVersion = 17.11.35327.3
MinimumVisualStudioVersion = 10.0.40219.1
Project("{FAE04EC0-301F-11D3-BF4B-00C04F79EFBC}") = "IdentityDemo", "IdentityDemo\IdentityDemo.csproj", "{4F9915A3-BE17-4120-9C80-57AD85DAD5DF}"
EndProject
Global
	GlobalSection(SolutionConfigurationPlatforms) = preSolution
		Debug|Any CPU = Debug|Any CPU
		Release|Any CPU = Release|Any CPU
	EndGlobalSection
	GlobalSection(ProjectConfigurationPlatforms) = postSolution
		{4F9915A3-BE17-4120-9C80-57AD85DAD5DF}.Debug|Any CPU.ActiveCfg = Debug|Any CPU
		{4F9915A3-BE17-4120-9C80-57AD85DAD5DF}.Debug|Any CPU.Build.0 = Debug|Any CPU
		{4F9915A3-BE17-4120-9C80-57AD85DAD5DF}.Release|Any CPU.ActiveCfg = Release|Any CPU
		{4F9915A3-BE17-4120-9C80-57AD85DAD5DF}.Release|Any CPU.Build.0 = Release|Any CPU
	EndGlobalSection
	GlobalSection(SolutionProperties) = preSolution
		HideSolutionNode = FALSE
	EndGlobalSection
	GlobalSection(ExtensibilityGlobals) = postSolution
		SolutionGuid = {F4B9E115-6CCE-48B2-92A4-DA95A0C5B72C}
	EndGlobalSection
EndGlobal
