
Microsoft Visual Studio Solution File, Format Version 12.00
# Visual Studio Version 17
VisualStudioVersion = 17.11.35327.3
MinimumVisualStudioVersion = 10.0.40219.1
Project("{FAE04EC0-301F-11D3-BF4B-00C04F79EFBC}") = "OOPTasks", "OOPTasks\OOPTasks.csproj", "{5F2EF065-4072-49C3-BF5F-1F1D3457BB83}"
EndProject
Global
	GlobalSection(SolutionConfigurationPlatforms) = preSolution
		Debug|Any CPU = Debug|Any CPU
		Release|Any CPU = Release|Any CPU
	EndGlobalSection
	GlobalSection(ProjectConfigurationPlatforms) = postSolution
		{5F2EF065-4072-49C3-BF5F-1F1D3457BB83}.Debug|Any CPU.ActiveCfg = Debug|Any CPU
		{5F2EF065-4072-49C3-BF5F-1F1D3457BB83}.Debug|Any CPU.Build.0 = Debug|Any CPU
		{5F2EF065-4072-49C3-BF5F-1F1D3457BB83}.Release|Any CPU.ActiveCfg = Release|Any CPU
		{5F2EF065-4072-49C3-BF5F-1F1D3457BB83}.Release|Any CPU.Build.0 = Release|Any CPU
	EndGlobalSection
	GlobalSection(SolutionProperties) = preSolution
		HideSolutionNode = FALSE
	EndGlobalSection
	GlobalSection(ExtensibilityGlobals) = postSolution
		SolutionGuid = {DD8957F1-350E-43F8-9D7D-4EB2E4943F1A}
	EndGlobalSection
EndGlobal
