
Microsoft Visual Studio Solution File, Format Version 12.00
# Visual Studio Version 17
VisualStudioVersion = 17.11.35327.3
MinimumVisualStudioVersion = 10.0.40219.1
Project("{FAE04EC0-301F-11D3-BF4B-00C04F79EFBC}") = "TupleTask", "TupleTask\TupleTask.csproj", "{DFEA669B-C155-4EEC-89CA-64C6C165EC57}"
EndProject
Global
	GlobalSection(SolutionConfigurationPlatforms) = preSolution
		Debug|Any CPU = Debug|Any CPU
		Release|Any CPU = Release|Any CPU
	EndGlobalSection
	GlobalSection(ProjectConfigurationPlatforms) = postSolution
		{DFEA669B-C155-4EEC-89CA-64C6C165EC57}.Debug|Any CPU.ActiveCfg = Debug|Any CPU
		{DFEA669B-C155-4EEC-89CA-64C6C165EC57}.Debug|Any CPU.Build.0 = Debug|Any CPU
		{DFEA669B-C155-4EEC-89CA-64C6C165EC57}.Release|Any CPU.ActiveCfg = Release|Any CPU
		{DFEA669B-C155-4EEC-89CA-64C6C165EC57}.Release|Any CPU.Build.0 = Release|Any CPU
	EndGlobalSection
	GlobalSection(SolutionProperties) = preSolution
		HideSolutionNode = FALSE
	EndGlobalSection
	GlobalSection(ExtensibilityGlobals) = postSolution
		SolutionGuid = {3B5CC171-4E61-4FDF-AE2E-AB5A54E6B019}
	EndGlobalSection
EndGlobal
