
Microsoft Visual Studio Solution File, Format Version 12.00
# Visual Studio Version 17
VisualStudioVersion = 17.11.35327.3
MinimumVisualStudioVersion = 10.0.40219.1
Project("{FAE04EC0-301F-11D3-BF4B-00C04F79EFBC}") = "loops", "loops\loops.csproj", "{39B3CCE2-20AE-454A-B5A1-A2269EBC0E11}"
EndProject
Global
	GlobalSection(SolutionConfigurationPlatforms) = preSolution
		Debug|Any CPU = Debug|Any CPU
		Release|Any CPU = Release|Any CPU
	EndGlobalSection
	GlobalSection(ProjectConfigurationPlatforms) = postSolution
		{39B3CCE2-20AE-454A-B5A1-A2269EBC0E11}.Debug|Any CPU.ActiveCfg = Debug|Any CPU
		{39B3CCE2-20AE-454A-B5A1-A2269EBC0E11}.Debug|Any CPU.Build.0 = Debug|Any CPU
		{39B3CCE2-20AE-454A-B5A1-A2269EBC0E11}.Release|Any CPU.ActiveCfg = Release|Any CPU
		{39B3CCE2-20AE-454A-B5A1-A2269EBC0E11}.Release|Any CPU.Build.0 = Release|Any CPU
	EndGlobalSection
	GlobalSection(SolutionProperties) = preSolution
		HideSolutionNode = FALSE
	EndGlobalSection
	GlobalSection(ExtensibilityGlobals) = postSolution
		SolutionGuid = {394744B7-8B3D-4799-A0CC-9D32756B9A3A}
	EndGlobalSection
EndGlobal
