
Microsoft Visual Studio Solution File, Format Version 12.00
# Visual Studio Version 17
VisualStudioVersion = 17.11.35327.3
MinimumVisualStudioVersion = 10.0.40219.1
Project("{FAE04EC0-301F-11D3-BF4B-00C04F79EFBC}") = "AuthTask", "AuthTask\AuthTask.csproj", "{A6E066B4-7673-4535-A09A-16A647833853}"
EndProject
Global
	GlobalSection(SolutionConfigurationPlatforms) = preSolution
		Debug|Any CPU = Debug|Any CPU
		Release|Any CPU = Release|Any CPU
	EndGlobalSection
	GlobalSection(ProjectConfigurationPlatforms) = postSolution
		{A6E066B4-7673-4535-A09A-16A647833853}.Debug|Any CPU.ActiveCfg = Debug|Any CPU
		{A6E066B4-7673-4535-A09A-16A647833853}.Debug|Any CPU.Build.0 = Debug|Any CPU
		{A6E066B4-7673-4535-A09A-16A647833853}.Release|Any CPU.ActiveCfg = Release|Any CPU
		{A6E066B4-7673-4535-A09A-16A647833853}.Release|Any CPU.Build.0 = Release|Any CPU
	EndGlobalSection
	GlobalSection(SolutionProperties) = preSolution
		HideSolutionNode = FALSE
	EndGlobalSection
	GlobalSection(ExtensibilityGlobals) = postSolution
		SolutionGuid = {9BFF7630-CB8C-4C08-8A72-70CEC476845E}
	EndGlobalSection
EndGlobal
